
Microsoft Visual Studio Solution File, Format Version 12.00
# Visual Studio Version 17
VisualStudioVersion = 17.13.35825.156
MinimumVisualStudioVersion = 10.0.40219.1
Project("{FAE04EC0-301F-11D3-BF4B-00C04F79EFBC}") = "APIanimais", "APIanimais.csproj", "{5A5EDA37-9623-464D-A60F-408FE5EE6AD1}"
EndProject
Global
	GlobalSection(SolutionConfigurationPlatforms) = preSolution
		Debug|Any CPU = Debug|Any CPU
		Release|Any CPU = Release|Any CPU
	EndGlobalSection
	GlobalSection(ProjectConfigurationPlatforms) = postSolution
		{5A5EDA37-9623-464D-A60F-408FE5EE6AD1}.Debug|Any CPU.ActiveCfg = Debug|Any CPU
		{5A5EDA37-9623-464D-A60F-408FE5EE6AD1}.Debug|Any CPU.Build.0 = Debug|Any CPU
		{5A5EDA37-9623-464D-A60F-408FE5EE6AD1}.Release|Any CPU.ActiveCfg = Release|Any CPU
		{5A5EDA37-9623-464D-A60F-408FE5EE6AD1}.Release|Any CPU.Build.0 = Release|Any CPU
	EndGlobalSection
	GlobalSection(SolutionProperties) = preSolution
		HideSolutionNode = FALSE
	EndGlobalSection
	GlobalSection(ExtensibilityGlobals) = postSolution
		SolutionGuid = {35D422E7-CE55-4178-8A70-0E7B4349DCC5}
	EndGlobalSection
EndGlobal
